<?xml version="1.0" encoding="utf-8"?>
<Project ToolsVersion="4.0" xmlns="http://schemas.microsoft.com/developer/msbuild/2003">
  <ItemGroup>
    <Filter Include="core">
      <UniqueIdentifier>{7c9e1e02-e25e-451e-8423-4a29a5fd8ef1}</UniqueIdentifier>
    </Filter>
    <Filter Include="include">
      <UniqueIdentifier>{80208b84-8031-4f9d-bb0f-d76462a74487}</UniqueIdentifier>
    </Filter>
    <Filter Include="world">
      <UniqueIdentifier>{195e1af5-43d1-4794-a466-3ef7f0b065ca}</UniqueIdentifier>
    </Filter>
    <Filter Include="objects">
      <UniqueIdentifier>{be5c9d60-d7f1-46df-9c91-99dddc291f7a}</UniqueIdentifier>
    </Filter>
    <Filter Include="objects\text_edit">
      <UniqueIdentifier>{30fa3b91-941f-4d8e-a315-b86c61253a3d}</UniqueIdentifier>
    </Filter>
    <Filter Include="objects\font">
      <UniqueIdentifier>{cb94a3a8-d72c-4b1a-963a-fdbf304416ad}</UniqueIdentifier>
    </Filter>
    <Filter Include="objects\scroll_bar">
      <UniqueIdentifier>{e5eebb33-6f8b-4f86-9da3-6a68b894cf24}</UniqueIdentifier>
    </Filter>
    <Filter Include="objects\scroll_view">
      <UniqueIdentifier>{2e6e855f-da70-4527-bd3d-ab58a7e7b472}</UniqueIdentifier>
    </Filter>
    <Filter Include="objects\image">
      <UniqueIdentifier>{dd452b11-cbf8-45c1-a931-35eef5c1120f}</UniqueIdentifier>
    </Filter>
    <Filter Include="objects\text">
      <UniqueIdentifier>{02235aef-29e6-47ee-ae8f-5414171c51d7}</UniqueIdentifier>
    </Filter>
    <Filter Include="objects\dialog">
      <UniqueIdentifier>{dbf728ef-819e-462a-884f-e37f3f4a5ffb}</UniqueIdentifier>
    </Filter>
    <Filter Include="objects\!base_window">
      <UniqueIdentifier>{e5833e87-8bda-4a87-bd9f-3323faf7d882}</UniqueIdentifier>
    </Filter>
  </ItemGroup>
  <ItemGroup>
    <ClCompile Include="pch.cpp">
      <Filter>core</Filter>
    </ClCompile>
    <ClCompile Include="ui_library_linkage.cpp">
      <Filter>core</Filter>
    </ClCompile>
    <ClCompile Include="ui_world.cpp">
      <Filter>world</Filter>
    </ClCompile>
    <ClCompile Include="ui_world_factory.cpp">
      <Filter>world</Filter>
    </ClCompile>
    <ClCompile Include="ui_text_edit.cpp">
      <Filter>objects\text_edit</Filter>
    </ClCompile>
    <ClCompile Include="ui_text_edit_action.cpp">
      <Filter>objects\text_edit</Filter>
    </ClCompile>
    <ClCompile Include="ui_text_edit_initialize.cpp">
      <Filter>objects\text_edit</Filter>
    </ClCompile>
    <ClCompile Include="ui_font.cpp">
      <Filter>objects\font</Filter>
    </ClCompile>
    <ClCompile Include="ui_scroll_bar.cpp">
      <Filter>objects\scroll_bar</Filter>
    </ClCompile>
    <ClCompile Include="ui_scroll_pad.cpp">
      <Filter>objects\scroll_view</Filter>
    </ClCompile>
    <ClCompile Include="ui_scroll_view.cpp">
      <Filter>objects\scroll_view</Filter>
    </ClCompile>
    <ClCompile Include="ui_image.cpp">
      <Filter>objects\image</Filter>
    </ClCompile>
    <ClCompile Include="ui_text.cpp">
      <Filter>objects\text</Filter>
    </ClCompile>
    <ClCompile Include="ui_dialog.cpp">
      <Filter>objects\dialog</Filter>
    </ClCompile>
    <ClCompile Include="ui_dialog_input_handler.cpp">
      <Filter>objects\dialog</Filter>
    </ClCompile>
    <ClCompile Include="ui_window.cpp">
      <Filter>objects\!base_window</Filter>
    </ClCompile>
    <ClCompile Include="ui_entry_point.cpp" />
  </ItemGroup>
  <ItemGroup>
    <ClInclude Include="pch.h">
      <Filter>core</Filter>
    </ClInclude>
    <ClInclude Include="ui_memory.h">
      <Filter>core</Filter>
    </ClInclude>
    <ClInclude Include="..\api.h">
      <Filter>include</Filter>
    </ClInclude>
    <ClInclude Include="..\engine.h">
      <Filter>include</Filter>
    </ClInclude>
    <ClInclude Include="..\library_linkage.h">
      <Filter>include</Filter>
    </ClInclude>
    <ClInclude Include="..\ui.h">
      <Filter>include</Filter>
    </ClInclude>
    <ClInclude Include="..\world.h">
      <Filter>include</Filter>
    </ClInclude>
    <ClInclude Include="ui_world.h">
      <Filter>world</Filter>
    </ClInclude>
    <ClInclude Include="ui_text_edit.h">
      <Filter>objects\text_edit</Filter>
    </ClInclude>
    <ClInclude Include="ui_text_edit_action.h">
      <Filter>objects\text_edit</Filter>
    </ClInclude>
    <ClInclude Include="ui_text_edit_defs.h">
      <Filter>objects\text_edit</Filter>
    </ClInclude>
    <ClInclude Include="ui_font.h">
      <Filter>objects\font</Filter>
    </ClInclude>
    <ClInclude Include="ui_scroll_bar.h">
      <Filter>objects\scroll_bar</Filter>
    </ClInclude>
    <ClInclude Include="ui_scroll_pad.h">
      <Filter>objects\scroll_view</Filter>
    </ClInclude>
    <ClInclude Include="ui_scroll_view.h">
      <Filter>objects\scroll_view</Filter>
    </ClInclude>
    <ClInclude Include="ui_image.h">
      <Filter>objects\image</Filter>
    </ClInclude>
    <ClInclude Include="ui_text.h">
      <Filter>objects\text</Filter>
    </ClInclude>
    <ClInclude Include="ui_dialog.h">
      <Filter>objects\dialog</Filter>
    </ClInclude>
    <ClInclude Include="ui_window.h">
      <Filter>objects\!base_window</Filter>
    </ClInclude>
    <ClInclude Include="ui_window_inline.h">
      <Filter>objects\!base_window</Filter>
    </ClInclude>
  </ItemGroup>
</Project>