<?xml version="1.0" encoding="utf-8"?>
<Project ToolsVersion="4.0" xmlns="http://schemas.microsoft.com/developer/msbuild/2003">
  <ItemGroup>
    <Filter Include="application">
      <UniqueIdentifier>{5f0da316-2ffb-406c-a34b-9be5373da2ca}</UniqueIdentifier>
    </Filter>
    <Filter Include="core">
      <UniqueIdentifier>{acd84907-40a2-488d-97c7-de873015fb4d}</UniqueIdentifier>
    </Filter>
  </ItemGroup>
  <ItemGroup>
    <ClCompile Include="finger_printer_application.cpp">
      <Filter>application</Filter>
    </ClCompile>
    <ClCompile Include="finger_printer_library_linkage.cpp">
      <Filter>core</Filter>
    </ClCompile>
    <ClCompile Include="pch.cpp">
      <Filter>core</Filter>
    </ClCompile>
    <ClCompile Include="finger_printer_entry_point.cpp" />
  </ItemGroup>
  <ItemGroup>
    <ClInclude Include="finger_printer_application.h">
      <Filter>application</Filter>
    </ClInclude>
    <ClInclude Include="finger_printer_memory.h">
      <Filter>core</Filter>
    </ClInclude>
    <ClInclude Include="pch.h">
      <Filter>core</Filter>
    </ClInclude>
  </ItemGroup>
</Project>