<?xml version="1.0" encoding="utf-8"?>
<Project ToolsVersion="4.0" xmlns="http://schemas.microsoft.com/developer/msbuild/2003">
  <ItemGroup>
    <Filter Include="core">
      <UniqueIdentifier>{b1c4dc79-415c-440b-af01-9eef54a832ae}</UniqueIdentifier>
    </Filter>
    <Filter Include="application">
      <UniqueIdentifier>{dc4d69ec-c094-40cf-bbe9-f8e0ee260766}</UniqueIdentifier>
    </Filter>
    <Filter Include="resources">
      <UniqueIdentifier>{93907ce4-c80f-42a9-a6c2-61a71a3da099}</UniqueIdentifier>
    </Filter>
    <Filter Include="game_module_proxy">
      <UniqueIdentifier>{b23c9e3a-64dc-49b6-b713-ff48f1c89656}</UniqueIdentifier>
    </Filter>
  </ItemGroup>
  <ItemGroup>
    <ClCompile Include="..\..\finger_print.cpp">
      <Filter>core</Filter>
    </ClCompile>
    <ClCompile Include="math_error_win.cpp">
      <Filter>core</Filter>
    </ClCompile>
    <ClCompile Include="pch.cpp">
      <Filter>core</Filter>
    </ClCompile>
    <ClCompile Include="stalker2_pc_library_linkage.cpp">
      <Filter>core</Filter>
    </ClCompile>
    <ClCompile Include="stalker2_pc_application.cpp">
      <Filter>application</Filter>
    </ClCompile>
    <ClCompile Include="stalker2_pc_application_win.cpp">
      <Filter>application</Filter>
    </ClCompile>
    <ClCompile Include="..\..\game_module_proxy.cpp">
      <Filter>game_module_proxy</Filter>
    </ClCompile>
    <ClCompile Include="stalker2_pc_entry_point.cpp" />
  </ItemGroup>
  <ItemGroup>
    <ClInclude Include="pch.h">
      <Filter>core</Filter>
    </ClInclude>
    <ClInclude Include="stalker2_pc_application.h">
      <Filter>application</Filter>
    </ClInclude>
    <ClInclude Include="resource.h">
      <Filter>resources</Filter>
    </ClInclude>
    <ClInclude Include="..\..\game_module_proxy.h">
      <Filter>game_module_proxy</Filter>
    </ClInclude>
  </ItemGroup>
  <ItemGroup>
    <Image Include="icon.ico">
      <Filter>resources</Filter>
    </Image>
  </ItemGroup>
  <ItemGroup>
    <ResourceCompile Include="stalker2_pc.rc">
      <Filter>resources</Filter>
    </ResourceCompile>
  </ItemGroup>
</Project>